
Microsoft Visual Studio Solution File, Format Version 12.00
# Visual Studio Version 17
VisualStudioVersion = 17.10.35013.160
MinimumVisualStudioVersion = 10.0.40219.1
Project("{9A19103F-16F7-4668-BE54-9A1E7A4F7556}") = "Entities", "Entities\Entities.csproj", "{5794CABB-7378-4838-961C-A67F849FD66C}"
EndProject
Project("{9A19103F-16F7-4668-BE54-9A1E7A4F7556}") = "Business", "Business\Business.csproj", "{E7FF8E6D-EBEE-476F-8AA0-BC03451CBF62}"
EndProject
Project("{9A19103F-16F7-4668-BE54-9A1E7A4F7556}") = "DataAccess", "DataAccess\DataAccess.csproj", "{38AA8B7C-D889-4458-B748-E13A6ADEA0D2}"
EndProject
Project("{9A19103F-16F7-4668-BE54-9A1E7A4F7556}") = "WebAPI", "WebAPI\WebAPI.csproj", "{8599FD97-EEE6-4263-B31C-2C6B2319BBF8}"
EndProject
Project("{FAE04EC0-301F-11D3-BF4B-00C04F79EFBC}") = "Core", "Core\Core.csproj", "{7D4CAD64-9A1F-4B98-85A5-FA17BBEF6C87}"
EndProject
Global
	GlobalSection(SolutionConfigurationPlatforms) = preSolution
		Debug|Any CPU = Debug|Any CPU
		Release|Any CPU = Release|Any CPU
	EndGlobalSection
	GlobalSection(ProjectConfigurationPlatforms) = postSolution
		{5794CABB-7378-4838-961C-A67F849FD66C}.Debug|Any CPU.ActiveCfg = Debug|Any CPU
		{5794CABB-7378-4838-961C-A67F849FD66C}.Debug|Any CPU.Build.0 = Debug|Any CPU
		{5794CABB-7378-4838-961C-A67F849FD66C}.Release|Any CPU.ActiveCfg = Release|Any CPU
		{5794CABB-7378-4838-961C-A67F849FD66C}.Release|Any CPU.Build.0 = Release|Any CPU
		{E7FF8E6D-EBEE-476F-8AA0-BC03451CBF62}.Debug|Any CPU.ActiveCfg = Debug|Any CPU
		{E7FF8E6D-EBEE-476F-8AA0-BC03451CBF62}.Debug|Any CPU.Build.0 = Debug|Any CPU
		{E7FF8E6D-EBEE-476F-8AA0-BC03451CBF62}.Release|Any CPU.ActiveCfg = Release|Any CPU
		{E7FF8E6D-EBEE-476F-8AA0-BC03451CBF62}.Release|Any CPU.Build.0 = Release|Any CPU
		{38AA8B7C-D889-4458-B748-E13A6ADEA0D2}.Debug|Any CPU.ActiveCfg = Debug|Any CPU
		{38AA8B7C-D889-4458-B748-E13A6ADEA0D2}.Debug|Any CPU.Build.0 = Debug|Any CPU
		{38AA8B7C-D889-4458-B748-E13A6ADEA0D2}.Release|Any CPU.ActiveCfg = Release|Any CPU
		{38AA8B7C-D889-4458-B748-E13A6ADEA0D2}.Release|Any CPU.Build.0 = Release|Any CPU
		{8599FD97-EEE6-4263-B31C-2C6B2319BBF8}.Debug|Any CPU.ActiveCfg = Debug|Any CPU
		{8599FD97-EEE6-4263-B31C-2C6B2319BBF8}.Debug|Any CPU.Build.0 = Debug|Any CPU
		{8599FD97-EEE6-4263-B31C-2C6B2319BBF8}.Release|Any CPU.ActiveCfg = Release|Any CPU
		{8599FD97-EEE6-4263-B31C-2C6B2319BBF8}.Release|Any CPU.Build.0 = Release|Any CPU
		{7D4CAD64-9A1F-4B98-85A5-FA17BBEF6C87}.Debug|Any CPU.ActiveCfg = Debug|Any CPU
		{7D4CAD64-9A1F-4B98-85A5-FA17BBEF6C87}.Debug|Any CPU.Build.0 = Debug|Any CPU
		{7D4CAD64-9A1F-4B98-85A5-FA17BBEF6C87}.Release|Any CPU.ActiveCfg = Release|Any CPU
		{7D4CAD64-9A1F-4B98-85A5-FA17BBEF6C87}.Release|Any CPU.Build.0 = Release|Any CPU
	EndGlobalSection
	GlobalSection(SolutionProperties) = preSolution
		HideSolutionNode = FALSE
	EndGlobalSection
	GlobalSection(ExtensibilityGlobals) = postSolution
		SolutionGuid = {E268E966-0A7B-4A45-8C1E-BA8F463819DD}
	EndGlobalSection
EndGlobal
